
Microsoft Visual Studio Solution File, Format Version 12.00
# Visual Studio Version 16
VisualStudioVersion = 16.0.29020.237
MinimumVisualStudioVersion = 10.0.40219.1
Project("{FAE04EC0-301F-11D3-BF4B-00C04F79EFBC}") = "Binar 2.0", "Binar 2.0\Binar 2.0.csproj", "{17A00675-1AB9-4164-9D7B-783D31D606CB}"
EndProject
Global
	GlobalSection(SolutionConfigurationPlatforms) = preSolution
		Debug|Any CPU = Debug|Any CPU
		Release|Any CPU = Release|Any CPU
	EndGlobalSection
	GlobalSection(ProjectConfigurationPlatforms) = postSolution
		{17A00675-1AB9-4164-9D7B-783D31D606CB}.Debug|Any CPU.ActiveCfg = Debug|Any CPU
		{17A00675-1AB9-4164-9D7B-783D31D606CB}.Debug|Any CPU.Build.0 = Debug|Any CPU
		{17A00675-1AB9-4164-9D7B-783D31D606CB}.Release|Any CPU.ActiveCfg = Release|Any CPU
		{17A00675-1AB9-4164-9D7B-783D31D606CB}.Release|Any CPU.Build.0 = Release|Any CPU
	EndGlobalSection
	GlobalSection(SolutionProperties) = preSolution
		HideSolutionNode = FALSE
	EndGlobalSection
	GlobalSection(ExtensibilityGlobals) = postSolution
		SolutionGuid = {91C0FFB6-A031-4AD3-B777-2F4B022D0102}
	EndGlobalSection
EndGlobal
